// !$*UTF8*$!
{
	archiveVersion = 1;
	classes = {
	};
	objectVersion = 50;
	objects = {

/* Begin PBXBuildFile section */
		BF53BFB324219B6000CED19C /* AppDelegate.swift in Sources */ = {isa = PBXBuildFile; fileRef = BF53BFB224219B6000CED19C /* AppDelegate.swift */; };
		BF53BFB524219B6000CED19C /* SceneDelegate.swift in Sources */ = {isa = PBXBuildFile; fileRef = BF53BFB424219B6000CED19C /* SceneDelegate.swift */; };
		BF53BFB724219B6000CED19C /* ContentView.swift in Sources */ = {isa = PBXBuildFile; fileRef = BF53BFB624219B6000CED19C /* ContentView.swift */; };
		BF53BFB924219B6300CED19C /* Assets.xcassets in Resources */ = {isa = PBXBuildFile; fileRef = BF53BFB824219B6300CED19C /* Assets.xcassets */; };
		BF53BFBC24219B6300CED19C /* Preview Assets.xcassets in Resources */ = {isa = PBXBuildFile; fileRef = BF53BFBB24219B6300CED19C /* Preview Assets.xcassets */; };
		BF53BFBF24219B6300CED19C /* LaunchScreen.storyboard in Resources */ = {isa = PBXBuildFile; fileRef = BF53BFBD24219B6300CED19C /* LaunchScreen.storyboard */; };
		BF53BFCA24219B6300CED19C /* Marvel_DemoTests.swift in Sources */ = {isa = PBXBuildFile; fileRef = BF53BFC924219B6300CED19C /* Marvel_DemoTests.swift */; };
		BF53BFD524219B6300CED19C /* Marvel_DemoUITests.swift in Sources */ = {isa = PBXBuildFile; fileRef = BF53BFD424219B6300CED19C /* Marvel_DemoUITests.swift */; };
/* End PBXBuildFile section */

/* Begin PBXContainerItemProxy section */
		BF53BFC624219B6300CED19C /* PBXContainerItemProxy */ = {
			isa = PBXContainerItemProxy;
			containerPortal = BF53BFA724219B6000CED19C /* Project object */;
			proxyType = 1;
			remoteGlobalIDString = BF53BFAE24219B6000CED19C;
			remoteInfo = "Marvel-Demo";
		};
		BF53BFD124219B6300CED19C /* PBXContainerItemProxy */ = {
			isa = PBXContainerItemProxy;
			containerPortal = BF53BFA724219B6000CED19C /* Project object */;
			proxyType = 1;
			remoteGlobalIDString = BF53BFAE24219B6000CED19C;
			remoteInfo = "Marvel-Demo";
		};
/* End PBXContainerItemProxy section */

/* Begin PBXFileReference section */
		BF53BFAF24219B6000CED19C /* Marvel-Demo.app */ = {isa = PBXFileReference; explicitFileType = wrapper.application; includeInIndex = 0; path = "Marvel-Demo.app"; sourceTree = BUILT_PRODUCTS_DIR; };
		BF53BFB224219B6000CED19C /* AppDelegate.swift */ = {isa = PBXFileReference; lastKnownFileType = sourcecode.swift; path = AppDelegate.swift; sourceTree = "<group>"; };
		BF53BFB424219B6000CED19C /* SceneDelegate.swift */ = {isa = PBXFileReference; lastKnownFileType = sourcecode.swift; path = SceneDelegate.swift; sourceTree = "<group>"; };
		BF53BFB624219B6000CED19C /* ContentView.swift */ = {isa = PBXFileReference; lastKnownFileType = sourcecode.swift; path = ContentView.swift; sourceTree = "<group>"; };
		BF53BFB824219B6300CED19C /* Assets.xcassets */ = {isa = PBXFileReference; lastKnownFileType = folder.assetcatalog; path = Assets.xcassets; sourceTree = "<group>"; };
		BF53BFBB24219B6300CED19C /* Preview Assets.xcassets */ = {isa = PBXFileReference; lastKnownFileType = folder.assetcatalog; path = "Preview Assets.xcassets"; sourceTree = "<group>"; };
		BF53BFBE24219B6300CED19C /* Base */ = {isa = PBXFileReference; lastKnownFileType = file.storyboard; name = Base; path = Base.lproj/LaunchScreen.storyboard; sourceTree = "<group>"; };
		BF53BFC024219B6300CED19C /* Info.plist */ = {isa = PBXFileReference; lastKnownFileType = text.plist.xml; path = Info.plist; sourceTree = "<group>"; };
		BF53BFC524219B6300CED19C /* Marvel-DemoTests.xctest */ = {isa = PBXFileReference; explicitFileType = wrapper.cfbundle; includeInIndex = 0; path = "Marvel-DemoTests.xctest"; sourceTree = BUILT_PRODUCTS_DIR; };
		BF53BFC924219B6300CED19C /* Marvel_DemoTests.swift */ = {isa = PBXFileReference; lastKnownFileType = sourcecode.swift; path = Marvel_DemoTests.swift; sourceTree = "<group>"; };
		BF53BFCB24219B6300CED19C /* Info.plist */ = {isa = PBXFileReference; lastKnownFileType = text.plist.xml; path = Info.plist; sourceTree = "<group>"; };
		BF53BFD024219B6300CED19C /* Marvel-DemoUITests.xctest */ = {isa = PBXFileReference; explicitFileType = wrapper.cfbundle; includeInIndex = 0; path = "Marvel-DemoUITests.xctest"; sourceTree = BUILT_PRODUCTS_DIR; };
		BF53BFD424219B6300CED19C /* Marvel_DemoUITests.swift */ = {isa = PBXFileReference; lastKnownFileType = sourcecode.swift; path = Marvel_DemoUITests.swift; sourceTree = "<group>"; };
		BF53BFD624219B6300CED19C /* Info.plist */ = {isa = PBXFileReference; lastKnownFileType = text.plist.xml; path = Info.plist; sourceTree = "<group>"; };
/* End PBXFileReference section */

/* Begin PBXFrameworksBuildPhase section */
		BF53BFAC24219B6000CED19C /* Frameworks */ = {
			isa = PBXFrameworksBuildPhase;
			buildActionMask = 2147483647;
			files = (
			);
			runOnlyForDeploymentPostprocessing = 0;
		};
		BF53BFC224219B6300CED19C /* Frameworks */ = {
			isa = PBXFrameworksBuildPhase;
			buildActionMask = 2147483647;
			files = (
			);
			runOnlyForDeploymentPostprocessing = 0;
		};
		BF53BFCD24219B6300CED19C /* Frameworks */ = {
			isa = PBXFrameworksBuildPhase;
			buildActionMask = 2147483647;
			files = (
			);
			runOnlyForDeploymentPostprocessing = 0;
		};
/* End PBXFrameworksBuildPhase section */

/* Begin PBXGroup section */
		BF53BFA624219B6000CED19C = {
			isa = PBXGroup;
			children = (
				BF53BFB124219B6000CED19C /* Marvel-Demo */,
				BF53BFC824219B6300CED19C /* Marvel-DemoTests */,
				BF53BFD324219B6300CED19C /* Marvel-DemoUITests */,
				BF53BFB024219B6000CED19C /* Products */,
			);
			sourceTree = "<group>";
		};
		BF53BFB024219B6000CED19C /* Products */ = {
			isa = PBXGroup;
			children = (
				BF53BFAF24219B6000CED19C /* Marvel-Demo.app */,
				BF53BFC524219B6300CED19C /* Marvel-DemoTests.xctest */,
				BF53BFD024219B6300CED19C /* Marvel-DemoUITests.xctest */,
			);
			name = Products;
			sourceTree = "<group>";
		};
		BF53BFB124219B6000CED19C /* Marvel-Demo */ = {
			isa = PBXGroup;
			children = (
				BF53BFB224219B6000CED19C /* AppDelegate.swift */,
				BF53BFB424219B6000CED19C /* SceneDelegate.swift */,
				BF53BFB624219B6000CED19C /* ContentView.swift */,
				BF53BFB824219B6300CED19C /* Assets.xcassets */,
				BF53BFBD24219B6300CED19C /* LaunchScreen.storyboard */,
				BF53BFC024219B6300CED19C /* Info.plist */,
				BF53BFBA24219B6300CED19C /* Preview Content */,
			);
			path = "Marvel-Demo";
			sourceTree = "<group>";
		};
		BF53BFBA24219B6300CED19C /* Preview Content */ = {
			isa = PBXGroup;
			children = (
				BF53BFBB24219B6300CED19C /* Preview Assets.xcassets */,
			);
			path = "Preview Content";
			sourceTree = "<group>";
		};
		BF53BFC824219B6300CED19C /* Marvel-DemoTests */ = {
			isa = PBXGroup;
			children = (
				BF53BFC924219B6300CED19C /* Marvel_DemoTests.swift */,
				BF53BFCB24219B6300CED19C /* Info.plist */,
			);
			path = "Marvel-DemoTests";
			sourceTree = "<group>";
		};
		BF53BFD324219B6300CED19C /* Marvel-DemoUITests */ = {
			isa = PBXGroup;
			children = (
				BF53BFD424219B6300CED19C /* Marvel_DemoUITests.swift */,
				BF53BFD624219B6300CED19C /* Info.plist */,
			);
			path = "Marvel-DemoUITests";
			sourceTree = "<group>";
		};
/* End PBXGroup section */

/* Begin PBXNativeTarget section */
		BF53BFAE24219B6000CED19C /* Marvel-Demo */ = {
			isa = PBXNativeTarget;
			buildConfigurationList = BF53BFD924219B6300CED19C /* Build configuration list for PBXNativeTarget "Marvel-Demo" */;
			buildPhases = (
				BF53BFAB24219B6000CED19C /* Sources */,
				BF53BFAC24219B6000CED19C /* Frameworks */,
				BF53BFAD24219B6000CED19C /* Resources */,
			);
			buildRules = (
			);
			dependencies = (
			);
			name = "Marvel-Demo";
			productName = "Marvel-Demo";
			productReference = BF53BFAF24219B6000CED19C /* Marvel-Demo.app */;
			productType = "com.apple.product-type.application";
		};
		BF53BFC424219B6300CED19C /* Marvel-DemoTests */ = {
			isa = PBXNativeTarget;
			buildConfigurationList = BF53BFDC24219B6300CED19C /* Build configuration list for PBXNativeTarget "Marvel-DemoTests" */;
			buildPhases = (
				BF53BFC124219B6300CED19C /* Sources */,
				BF53BFC224219B6300CED19C /* Frameworks */,
				BF53BFC324219B6300CED19C /* Resources */,
			);
			buildRules = (
			);
			dependencies = (
				BF53BFC724219B6300CED19C /* PBXTargetDependency */,
			);
			name = "Marvel-DemoTests";
			productName = "Marvel-DemoTests";
			productReference = BF53BFC524219B6300CED19C /* Marvel-DemoTests.xctest */;
			productType = "com.apple.product-type.bundle.unit-test";
		};
		BF53BFCF24219B6300CED19C /* Marvel-DemoUITests */ = {
			isa = PBXNativeTarget;
			buildConfigurationList = BF53BFDF24219B6300CED19C /* Build configuration list for PBXNativeTarget "Marvel-DemoUITests" */;
			buildPhases = (
				BF53BFCC24219B6300CED19C /* Sources */,
				BF53BFCD24219B6300CED19C /* Frameworks */,
				BF53BFCE24219B6300CED19C /* Resources */,
			);
			buildRules = (
			);
			dependencies = (
				BF53BFD224219B6300CED19C /* PBXTargetDependency */,
			);
			name = "Marvel-DemoUITests";
			productName = "Marvel-DemoUITests";
			productReference = BF53BFD024219B6300CED19C /* Marvel-DemoUITests.xctest */;
			productType = "com.apple.product-type.bundle.ui-testing";
		};
/* End PBXNativeTarget section */

/* Begin PBXProject section */
		BF53BFA724219B6000CED19C /* Project object */ = {
			isa = PBXProject;
			attributes = {
				LastSwiftUpdateCheck = 1130;
				LastUpgradeCheck = 1130;
				ORGANIZATIONNAME = "Zain Nadeem";
				TargetAttributes = {
					BF53BFAE24219B6000CED19C = {
						CreatedOnToolsVersion = 11.3.1;
					};
					BF53BFC424219B6300CED19C = {
						CreatedOnToolsVersion = 11.3.1;
						TestTargetID = BF53BFAE24219B6000CED19C;
					};
					BF53BFCF24219B6300CED19C = {
						CreatedOnToolsVersion = 11.3.1;
						TestTargetID = BF53BFAE24219B6000CED19C;
					};
				};
			};
			buildConfigurationList = BF53BFAA24219B6000CED19C /* Build configuration list for PBXProject "Marvel-Demo" */;
			compatibilityVersion = "Xcode 9.3";
			developmentRegion = en;
			hasScannedForEncodings = 0;
			knownRegions = (
				en,
				Base,
			);
			mainGroup = BF53BFA624219B6000CED19C;
			productRefGroup = BF53BFB024219B6000CED19C /* Products */;
			projectDirPath = "";
			projectRoot = "";
			targets = (
				BF53BFAE24219B6000CED19C /* Marvel-Demo */,
				BF53BFC424219B6300CED19C /* Marvel-DemoTests */,
				BF53BFCF24219B6300CED19C /* Marvel-DemoUITests */,
			);
		};
/* End PBXProject section */

/* Begin PBXResourcesBuildPhase section */
		BF53BFAD24219B6000CED19C /* Resources */ = {
			isa = PBXResourcesBuildPhase;
			buildActionMask = 2147483647;
			files = (
				BF53BFBF24219B6300CED19C /* LaunchScreen.storyboard in Resources */,
				BF53BFBC24219B6300CED19C /* Preview Assets.xcassets in Resources */,
				BF53BFB924219B6300CED19C /* Assets.xcassets in Resources */,
			);
			runOnlyForDeploymentPostprocessing = 0;
		};
		BF53BFC324219B6300CED19C /* Resources */ = {
			isa = PBXResourcesBuildPhase;
			buildActionMask = 2147483647;
			files = (
			);
			runOnlyForDeploymentPostprocessing = 0;
		};
		BF53BFCE24219B6300CED19C /* Resources */ = {
			isa = PBXResourcesBuildPhase;
			buildActionMask = 2147483647;
			files = (
			);
			runOnlyForDeploymentPostprocessing = 0;
		};
/* End PBXResourcesBuildPhase section */

/* Begin PBXSourcesBuildPhase section */
		BF53BFAB24219B6000CED19C /* Sources */ = {
			isa = PBXSourcesBuildPhase;
			buildActionMask = 2147483647;
			files = (
				BF53BFB324219B6000CED19C /* AppDelegate.swift in Sources */,
				BF53BFB524219B6000CED19C /* SceneDelegate.swift in Sources */,
				BF53BFB724219B6000CED19C /* ContentView.swift in Sources */,
			);
			runOnlyForDeploymentPostprocessing = 0;
		};
		BF53BFC124219B6300CED19C /* Sources */ = {
			isa = PBXSourcesBuildPhase;
			buildActionMask = 2147483647;
			files = (
				BF53BFCA24219B6300CED19C /* Marvel_DemoTests.swift in Sources */,
			);
			runOnlyForDeploymentPostprocessing = 0;
		};
		BF53BFCC24219B6300CED19C /* Sources */ = {
			isa = PBXSourcesBuildPhase;
			buildActionMask = 2147483647;
			files = (
				BF53BFD524219B6300CED19C /* Marvel_DemoUITests.swift in Sources */,
			);
			runOnlyForDeploymentPostprocessing = 0;
		};
/* End PBXSourcesBuildPhase section */

/* Begin PBXTargetDependency section */
		BF53BFC724219B6300CED19C /* PBXTargetDependency */ = {
			isa = PBXTargetDependency;
			target = BF53BFAE24219B6000CED19C /* Marvel-Demo */;
			targetProxy = BF53BFC624219B6300CED19C /* PBXContainerItemProxy */;
		};
		BF53BFD224219B6300CED19C /* PBXTargetDependency */ = {
			isa = PBXTargetDependency;
			target = BF53BFAE24219B6000CED19C /* Marvel-Demo */;
			targetProxy = BF53BFD124219B6300CED19C /* PBXContainerItemProxy */;
		};
/* End PBXTargetDependency section */

/* Begin PBXVariantGroup section */
		BF53BFBD24219B6300CED19C /* LaunchScreen.storyboard */ = {
			isa = PBXVariantGroup;
			children = (
				BF53BFBE24219B6300CED19C /* Base */,
			);
			name = LaunchScreen.storyboard;
			sourceTree = "<group>";
		};
/* End PBXVariantGroup section */

/* Begin XCBuildConfiguration section */
		BF53BFD724219B6300CED19C /* Debug */ = {
			isa = XCBuildConfiguration;
			buildSettings = {
				ALWAYS_SEARCH_USER_PATHS = NO;
				CLANG_ANALYZER_NONNULL = YES;
				CLANG_ANALYZER_NUMBER_OBJECT_CONVERSION = YES_AGGRESSIVE;
				CLANG_CXX_LANGUAGE_STANDARD = "gnu++14";
				CLANG_CXX_LIBRARY = "libc++";
				CLANG_ENABLE_MODULES = YES;
				CLANG_ENABLE_OBJC_ARC = YES;
				CLANG_ENABLE_OBJC_WEAK = YES;
				CLANG_WARN_BLOCK_CAPTURE_AUTORELEASING = YES;
				CLANG_WARN_BOOL_CONVERSION = YES;
				CLANG_WARN_COMMA = YES;
				CLANG_WARN_CONSTANT_CONVERSION = YES;
				CLANG_WARN_DEPRECATED_OBJC_IMPLEMENTATIONS = YES;
				CLANG_WARN_DIRECT_OBJC_ISA_USAGE = YES_ERROR;
				CLANG_WARN_DOCUMENTATION_COMMENTS = YES;
				CLANG_WARN_EMPTY_BODY = YES;
				CLANG_WARN_ENUM_CONVERSION = YES;
				CLANG_WARN_INFINITE_RECURSION = YES;
				CLANG_WARN_INT_CONVERSION = YES;
				CLANG_WARN_NON_LITERAL_NULL_CONVERSION = YES;
				CLANG_WARN_OBJC_IMPLICIT_RETAIN_SELF = YES;
				CLANG_WARN_OBJC_LITERAL_CONVERSION = YES;
				CLANG_WARN_OBJC_ROOT_CLASS = YES_ERROR;
				CLANG_WARN_RANGE_LOOP_ANALYSIS = YES;
				CLANG_WARN_STRICT_PROTOTYPES = YES;
				CLANG_WARN_SUSPICIOUS_MOVE = YES;
				CLANG_WARN_UNGUARDED_AVAILABILITY = YES_AGGRESSIVE;
				CLANG_WARN_UNREACHABLE_CODE = YES;
				CLANG_WARN__DUPLICATE_METHOD_MATCH = YES;
				COPY_PHASE_STRIP = NO;
				DEBUG_INFORMATION_FORMAT = dwarf;
				ENABLE_STRICT_OBJC_MSGSEND = YES;
				ENABLE_TESTABILITY = YES;
				GCC_C_LANGUAGE_STANDARD = gnu11;
				GCC_DYNAMIC_NO_PIC = NO;
				GCC_NO_COMMON_BLOCKS = YES;
				GCC_OPTIMIZATION_LEVEL = 0;
				GCC_PREPROCESSOR_DEFINITIONS = (
					"DEBUG=1",
					"$(inherited)",
				);
				GCC_WARN_64_TO_32_BIT_CONVERSION = YES;
				GCC_WARN_ABOUT_RETURN_TYPE = YES_ERROR;
				GCC_WARN_UNDECLARED_SELECTOR = YES;
				GCC_WARN_UNINITIALIZED_AUTOS = YES_AGGRESSIVE;
				GCC_WARN_UNUSED_FUNCTION = YES;
				GCC_WARN_UNUSED_VARIABLE = YES;
				IPHONEOS_DEPLOYMENT_TARGET = 13.2;
				MTL_ENABLE_DEBUG_INFO = INCLUDE_SOURCE;
				MTL_FAST_MATH = YES;
				ONLY_ACTIVE_ARCH = YES;
				SDKROOT = iphoneos;
				SWIFT_ACTIVE_COMPILATION_CONDITIONS = DEBUG;
				SWIFT_OPTIMIZATION_LEVEL = "-Onone";
			};
			name = Debug;
		};
		BF53BFD824219B6300CED19C /* Release */ = {
			isa = XCBuildConfiguration;
			buildSettings = {
				ALWAYS_SEARCH_USER_PATHS = NO;
				CLANG_ANALYZER_NONNULL = YES;
				CLANG_ANALYZER_NUMBER_OBJECT_CONVERSION = YES_AGGRESSIVE;
				CLANG_CXX_LANGUAGE_STANDARD = "gnu++14";
				CLANG_CXX_LIBRARY = "libc++";
				CLANG_ENABLE_MODULES = YES;
				CLANG_ENABLE_OBJC_ARC = YES;
				CLANG_ENABLE_OBJC_WEAK = YES;
				CLANG_WARN_BLOCK_CAPTURE_AUTORELEASING = YES;
				CLANG_WARN_BOOL_CONVERSION = YES;
				CLANG_WARN_COMMA = YES;
				CLANG_WARN_CONSTANT_CONVERSION = YES;
				CLANG_WARN_DEPRECATED_OBJC_IMPLEMENTATIONS = YES;
				CLANG_WARN_DIRECT_OBJC_ISA_USAGE = YES_ERROR;
				CLANG_WARN_DOCUMENTATION_COMMENTS = YES;
				CLANG_WARN_EMPTY_BODY = YES;
				CLANG_WARN_ENUM_CONVERSION = YES;
				CLANG_WARN_INFINITE_RECURSION = YES;
				CLANG_WARN_INT_CONVERSION = YES;
				CLANG_WARN_NON_LITERAL_NULL_CONVERSION = YES;
				CLANG_WARN_OBJC_IMPLICIT_RETAIN_SELF = YES;
				CLANG_WARN_OBJC_LITERAL_CONVERSION = YES;
				CLANG_WARN_OBJC_ROOT_CLASS = YES_ERROR;
				CLANG_WARN_RANGE_LOOP_ANALYSIS = YES;
				CLANG_WARN_STRICT_PROTOTYPES = YES;
				CLANG_WARN_SUSPICIOUS_MOVE = YES;
				CLANG_WARN_UNGUARDED_AVAILABILITY = YES_AGGRESSIVE;
				CLANG_WARN_UNREACHABLE_CODE = YES;
				CLANG_WARN__DUPLICATE_METHOD_MATCH = YES;
				COPY_PHASE_STRIP = NO;
				DEBUG_INFORMATION_FORMAT = "dwarf-with-dsym";
				ENABLE_NS_ASSERTIONS = NO;
				ENABLE_STRICT_OBJC_MSGSEND = YES;
				GCC_C_LANGUAGE_STANDARD = gnu11;
				GCC_NO_COMMON_BLOCKS = YES;
				GCC_WARN_64_TO_32_BIT_CONVERSION = YES;
				GCC_WARN_ABOUT_RETURN_TYPE = YES_ERROR;
				GCC_WARN_UNDECLARED_SELECTOR = YES;
				GCC_WARN_UNINITIALIZED_AUTOS = YES_AGGRESSIVE;
				GCC_WARN_UNUSED_FUNCTION = YES;
				GCC_WARN_UNUSED_VARIABLE = YES;
				IPHONEOS_DEPLOYMENT_TARGET = 13.2;
				MTL_ENABLE_DEBUG_INFO = NO;
				MTL_FAST_MATH = YES;
				SDKROOT = iphoneos;
				SWIFT_COMPILATION_MODE = wholemodule;
				SWIFT_OPTIMIZATION_LEVEL = "-O";
				VALIDATE_PRODUCT = YES;
			};
			name = Release;
		};
		BF53BFDA24219B6300CED19C /* Debug */ = {
			isa = XCBuildConfiguration;
			buildSettings = {
				ASSETCATALOG_COMPILER_APPICON_NAME = AppIcon;
				CODE_SIGN_STYLE = Automatic;
				DEVELOPMENT_ASSET_PATHS = "\"Marvel-Demo/Preview Content\"";
				DEVELOPMENT_TEAM = M5447X76VF;
				ENABLE_PREVIEWS = YES;
				INFOPLIST_FILE = "Marvel-Demo/Info.plist";
				LD_RUNPATH_SEARCH_PATHS = (
					"$(inherited)",
					"@executable_path/Frameworks",
				);
				PRODUCT_BUNDLE_IDENTIFIER = "Tabreezi.Marvel-Demo";
				PRODUCT_NAME = "$(TARGET_NAME)";
				SWIFT_VERSION = 5.0;
				TARGETED_DEVICE_FAMILY = "1,2";
			};
			name = Debug;
		};
		BF53BFDB24219B6300CED19C /* Release */ = {
			isa = XCBuildConfiguration;
			buildSettings = {
				ASSETCATALOG_COMPILER_APPICON_NAME = AppIcon;
				CODE_SIGN_STYLE = Automatic;
				DEVELOPMENT_ASSET_PATHS = "\"Marvel-Demo/Preview Content\"";
				DEVELOPMENT_TEAM = M5447X76VF;
				ENABLE_PREVIEWS = YES;
				INFOPLIST_FILE = "Marvel-Demo/Info.plist";
				LD_RUNPATH_SEARCH_PATHS = (
					"$(inherited)",
					"@executable_path/Frameworks",
				);
				PRODUCT_BUNDLE_IDENTIFIER = "Tabreezi.Marvel-Demo";
				PRODUCT_NAME = "$(TARGET_NAME)";
				SWIFT_VERSION = 5.0;
				TARGETED_DEVICE_FAMILY = "1,2";
			};
			name = Release;
		};
		BF53BFDD24219B6300CED19C /* Debug */ = {
			isa = XCBuildConfiguration;
			buildSettings = {
				ALWAYS_EMBED_SWIFT_STANDARD_LIBRARIES = YES;
				BUNDLE_LOADER = "$(TEST_HOST)";
				CODE_SIGN_STYLE = Automatic;
				DEVELOPMENT_TEAM = M5447X76VF;
				INFOPLIST_FILE = "Marvel-DemoTests/Info.plist";
				IPHONEOS_DEPLOYMENT_TARGET = 13.2;
				LD_RUNPATH_SEARCH_PATHS = (
					"$(inherited)",
					"@executable_path/Frameworks",
					"@loader_path/Frameworks",
				);
				PRODUCT_BUNDLE_IDENTIFIER = "Tabreezi.Marvel-DemoTests";
				PRODUCT_NAME = "$(TARGET_NAME)";
				SWIFT_VERSION = 5.0;
				TARGETED_DEVICE_FAMILY = "1,2";
				TEST_HOST = "$(BUILT_PRODUCTS_DIR)/Marvel-Demo.app/Marvel-Demo";
			};
			name = Debug;
		};
		BF53BFDE24219B6300CED19C /* Release */ = {
			isa = XCBuildConfiguration;
			buildSettings = {
				ALWAYS_EMBED_SWIFT_STANDARD_LIBRARIES = YES;
				BUNDLE_LOADER = "$(TEST_HOST)";
				CODE_SIGN_STYLE = Automatic;
				DEVELOPMENT_TEAM = M5447X76VF;
				INFOPLIST_FILE = "Marvel-DemoTests/Info.plist";
				IPHONEOS_DEPLOYMENT_TARGET = 13.2;
				LD_RUNPATH_SEARCH_PATHS = (
					"$(inherited)",
					"@executable_path/Frameworks",
					"@loader_path/Frameworks",
				);
				PRODUCT_BUNDLE_IDENTIFIER = "Tabreezi.Marvel-DemoTests";
				PRODUCT_NAME = "$(TARGET_NAME)";
				SWIFT_VERSION = 5.0;
				TARGETED_DEVICE_FAMILY = "1,2";
				TEST_HOST = "$(BUILT_PRODUCTS_DIR)/Marvel-Demo.app/Marvel-Demo";
			};
			name = Release;
		};
		BF53BFE024219B6300CED19C /* Debug */ = {
			isa = XCBuildConfiguration;
			buildSettings = {
				ALWAYS_EMBED_SWIFT_STANDARD_LIBRARIES = YES;
				CODE_SIGN_STYLE = Automatic;
				DEVELOPMENT_TEAM = M5447X76VF;
				INFOPLIST_FILE = "Marvel-DemoUITests/Info.plist";
				LD_RUNPATH_SEARCH_PATHS = (
					"$(inherited)",
					"@executable_path/Frameworks",
					"@loader_path/Frameworks",
				);
				PRODUCT_BUNDLE_IDENTIFIER = "Tabreezi.Marvel-DemoUITests";
				PRODUCT_NAME = "$(TARGET_NAME)";
				SWIFT_VERSION = 5.0;
				TARGETED_DEVICE_FAMILY = "1,2";
				TEST_TARGET_NAME = "Marvel-Demo";
			};
			name = Debug;
		};
		BF53BFE124219B6300CED19C /* Release */ = {
			isa = XCBuildConfiguration;
			buildSettings = {
				ALWAYS_EMBED_SWIFT_STANDARD_LIBRARIES = YES;
				CODE_SIGN_STYLE = Automatic;
				DEVELOPMENT_TEAM = M5447X76VF;
				INFOPLIST_FILE = "Marvel-DemoUITests/Info.plist";
				LD_RUNPATH_SEARCH_PATHS = (
					"$(inherited)",
					"@executable_path/Frameworks",
					"@loader_path/Frameworks",
				);
				PRODUCT_BUNDLE_IDENTIFIER = "Tabreezi.Marvel-DemoUITests";
				PRODUCT_NAME = "$(TARGET_NAME)";
				SWIFT_VERSION = 5.0;
				TARGETED_DEVICE_FAMILY = "1,2";
				TEST_TARGET_NAME = "Marvel-Demo";
			};
			name = Release;
		};
/* End XCBuildConfiguration section */

/* Begin XCConfigurationList section */
		BF53BFAA24219B6000CED19C /* Build configuration list for PBXProject "Marvel-Demo" */ = {
			isa = XCConfigurationList;
			buildConfigurations = (
				BF53BFD724219B6300CED19C /* Debug */,
				BF53BFD824219B6300CED19C /* Release */,
			);
			defaultConfigurationIsVisible = 0;
			defaultConfigurationName = Release;
		};
		BF53BFD924219B6300CED19C /* Build configuration list for PBXNativeTarget "Marvel-Demo" */ = {
			isa = XCConfigurationList;
			buildConfigurations = (
				BF53BFDA24219B6300CED19C /* Debug */,
				BF53BFDB24219B6300CED19C /* Release */,
			);
			defaultConfigurationIsVisible = 0;
			defaultConfigurationName = Release;
		};
		BF53BFDC24219B6300CED19C /* Build configuration list for PBXNativeTarget "Marvel-DemoTests" */ = {
			isa = XCConfigurationList;
			buildConfigurations = (
				BF53BFDD24219B6300CED19C /* Debug */,
				BF53BFDE24219B6300CED19C /* Release */,
			);
			defaultConfigurationIsVisible = 0;
			defaultConfigurationName = Release;
		};
		BF53BFDF24219B6300CED19C /* Build configuration list for PBXNativeTarget "Marvel-DemoUITests" */ = {
			isa = XCConfigurationList;
			buildConfigurations = (
				BF53BFE024219B6300CED19C /* Debug */,
				BF53BFE124219B6300CED19C /* Release */,
			);
			defaultConfigurationIsVisible = 0;
			defaultConfigurationName = Release;
		};
/* End XCConfigurationList section */
	};
	rootObject = BF53BFA724219B6000CED19C /* Project object */;
}
